
Microsoft Visual Studio Solution File, Format Version 12.00
# Visual Studio Version 17
VisualStudioVersion = 17.9.34728.123
MinimumVisualStudioVersion = 10.0.40219.1
Project("{FAE04EC0-301F-11D3-BF4B-00C04F79EFBC}") = "InterfacesDemoCSharp-47", "InterfacesDemoCSharp-47\InterfacesDemoCSharp-47.csproj", "{2B52BE9C-A4B9-43BA-A35C-9B17AC9CCCB4}"
EndProject
Global
	GlobalSection(SolutionConfigurationPlatforms) = preSolution
		Debug|Any CPU = Debug|Any CPU
		Release|Any CPU = Release|Any CPU
	EndGlobalSection
	GlobalSection(ProjectConfigurationPlatforms) = postSolution
		{2B52BE9C-A4B9-43BA-A35C-9B17AC9CCCB4}.Debug|Any CPU.ActiveCfg = Debug|Any CPU
		{2B52BE9C-A4B9-43BA-A35C-9B17AC9CCCB4}.Debug|Any CPU.Build.0 = Debug|Any CPU
		{2B52BE9C-A4B9-43BA-A35C-9B17AC9CCCB4}.Release|Any CPU.ActiveCfg = Release|Any CPU
		{2B52BE9C-A4B9-43BA-A35C-9B17AC9CCCB4}.Release|Any CPU.Build.0 = Release|Any CPU
	EndGlobalSection
	GlobalSection(SolutionProperties) = preSolution
		HideSolutionNode = FALSE
	EndGlobalSection
	GlobalSection(ExtensibilityGlobals) = postSolution
		SolutionGuid = {A8680DAE-EB18-4F3A-B855-0B51E8CFCE85}
	EndGlobalSection
EndGlobal
